# This file is generated by running "yarn install" inside your project.
# Manual changes might be lost - proceed with caution!

__metadata:
  version: 6
  cacheKey: 8

"@babel/helper-string-parser@npm:^7.19.4":
  version: 7.19.4
  resolution: "@babel/helper-string-parser@npm:7.19.4"
  checksum: b2f8a3920b30dfac81ec282ac4ad9598ea170648f8254b10f475abe6d944808fb006aab325d3eb5a8ad3bea8dfa888cfa6ef471050dae5748497c110ec060943
  languageName: node
  linkType: hard

"@babel/helper-validator-identifier@npm:^7.19.1":
  version: 7.19.1
  resolution: "@babel/helper-validator-identifier@npm:7.19.1"
  checksum: 0eca5e86a729162af569b46c6c41a63e18b43dbe09fda1d2a3c8924f7d617116af39cac5e4cd5d431bb760b4dca3c0970e0c444789b1db42bcf1fa41fbad0a3a
  languageName: node
  linkType: hard

"@babel/parser@npm:^7.16.4":
  version: 7.20.15
  resolution: "@babel/parser@npm:7.20.15"
  bin:
    parser: ./bin/babel-parser.js
  checksum: 1d0f47ca67ff2652f1c0ff1570bed8deccbc4b53509e7cd73476af9cc7ed23480c99f1179bd6d0be01612368b92b39e206d330ad6054009d699934848a89298b
  languageName: node
  linkType: hard

"@babel/types@npm:^7.8.3":
  version: 7.20.7
  resolution: "@babel/types@npm:7.20.7"
  dependencies:
    "@babel/helper-string-parser": ^7.19.4
    "@babel/helper-validator-identifier": ^7.19.1
    to-fast-properties: ^2.0.0
  checksum: b39af241f0b72bba67fd6d0d23914f6faec8c0eba8015c181cbd5ea92e59fc91a52a1ab490d3520c7dbd19ddb9ebb76c476308f6388764f16d8201e37fae6811
  languageName: node
  linkType: hard

"@types/web-bluetooth@npm:^0.0.16":
  version: 0.0.16
  resolution: "@types/web-bluetooth@npm:0.0.16"
  checksum: f68a630d062202a25c46d48686ebae1cf429dc70b4578fcf13b8357b2db63e4aedfb6f6d752bd388366be46ebd19c1c9de45f8a15c2631bb79e904fdfc454f94
  languageName: node
  linkType: hard

"@vue/compiler-core@npm:3.2.47":
  version: 3.2.47
  resolution: "@vue/compiler-core@npm:3.2.47"
  dependencies:
    "@babel/parser": ^7.16.4
    "@vue/shared": 3.2.47
    estree-walker: ^2.0.2
    source-map: ^0.6.1
  checksum: 9ccc2a0b897b59eea56ca4f92ed29c14cd1184f68532edf5fb0fe5cb2833bcf9e4836029effb6eb9a7c872e9e0350fafdcd96ff00c0b5b79e17ded0c068b5f84
  languageName: node
  linkType: hard

"@vue/compiler-dom@npm:3.2.47":
  version: 3.2.47
  resolution: "@vue/compiler-dom@npm:3.2.47"
  dependencies:
    "@vue/compiler-core": 3.2.47
    "@vue/shared": 3.2.47
  checksum: 1eced735f865e6df0c2d7fa041f9f27996ff4c0d4baf5fad0f67e65e623215f4394c49bba337b78427c6e71f2cc2db12b19ec6b865b4c057c0a15ccedeb20752
  languageName: node
  linkType: hard

"@vue/compiler-sfc@npm:3.2.47":
  version: 3.2.47
  resolution: "@vue/compiler-sfc@npm:3.2.47"
  dependencies:
    "@babel/parser": ^7.16.4
    "@vue/compiler-core": 3.2.47
    "@vue/compiler-dom": 3.2.47
    "@vue/compiler-ssr": 3.2.47
    "@vue/reactivity-transform": 3.2.47
    "@vue/shared": 3.2.47
    estree-walker: ^2.0.2
    magic-string: ^0.25.7
    postcss: ^8.1.10
    source-map: ^0.6.1
  checksum: 4588a513310b9319a00adfdbe789cfe60d5ec19c51e8f2098152b9e81f54be170e16c40463f6b5e4c7ab79796fc31e2de93587a9dd1af136023fa03712b62e68
  languageName: node
  linkType: hard

"@vue/compiler-ssr@npm:3.2.47":
  version: 3.2.47
  resolution: "@vue/compiler-ssr@npm:3.2.47"
  dependencies:
    "@vue/compiler-dom": 3.2.47
    "@vue/shared": 3.2.47
  checksum: 91bc6e46744d5405713c08d8e576971aa6d13a0cde84ec592d3221bf6ee228e49ce12233af8c18dc39723455b420df2951f3616ceb99758eb432485475fa7bc2
  languageName: node
  linkType: hard

"@vue/devtools-api@npm:^6.4.5":
  version: 6.5.0
  resolution: "@vue/devtools-api@npm:6.5.0"
  checksum: ec819ef3a426e91d09e9cfefd2827e9ed8ec9d62bb3b3e0674f3da8c7e92a4b879c3b777dc7329172ca6fe2670b62dd5580d23160339208f0f5ae038f2e504ad
  languageName: node
  linkType: hard

"@vue/reactivity-transform@npm:3.2.47":
  version: 3.2.47
  resolution: "@vue/reactivity-transform@npm:3.2.47"
  dependencies:
    "@babel/parser": ^7.16.4
    "@vue/compiler-core": 3.2.47
    "@vue/shared": 3.2.47
    estree-walker: ^2.0.2
    magic-string: ^0.25.7
  checksum: 6fe54374aa8c080c0c421e18134e84e723e2d3e53178cf084c1cd75bc8b1ffaaf07756801f3aa4e1e7ad1ba76356c28bbab4bc1b676159db8fc10f10f2cbd405
  languageName: node
  linkType: hard

"@vue/reactivity@npm:3.2.47":
  version: 3.2.47
  resolution: "@vue/reactivity@npm:3.2.47"
  dependencies:
    "@vue/shared": 3.2.47
  checksum: bd61134e4b2f281067e78b23b34d17f1290a0b3fdb0cd7f06424570b4428c899389451a396694144b0af2fc6dbb1459c38e79151119f12c4f818f4c5004b7d16
  languageName: node
  linkType: hard

"@vue/runtime-core@npm:3.2.47":
  version: 3.2.47
  resolution: "@vue/runtime-core@npm:3.2.47"
  dependencies:
    "@vue/reactivity": 3.2.47
    "@vue/shared": 3.2.47
  checksum: 56fd41368cb56ac83d88ef93ffb9e8d2cdad30adf8395351c38ac744691dfe50c0add0bd14e8aa817cd59afd2534213eb2aaabf46b03aacce9a4af7497af2e69
  languageName: node
  linkType: hard

"@vue/runtime-dom@npm:3.2.47":
  version: 3.2.47
  resolution: "@vue/runtime-dom@npm:3.2.47"
  dependencies:
    "@vue/runtime-core": 3.2.47
    "@vue/shared": 3.2.47
    csstype: ^2.6.8
  checksum: 8987d7276174120ed346c456752cdb3633c400432ae89a1a866e342c964b7ed2f9e3e09926f2b4b81fe175b1e4fb3935fe3920c113bcc71464ff39b4e50931f5
  languageName: node
  linkType: hard

"@vue/server-renderer@npm:3.2.47":
  version: 3.2.47
  resolution: "@vue/server-renderer@npm:3.2.47"
  dependencies:
    "@vue/compiler-ssr": 3.2.47
    "@vue/shared": 3.2.47
  peerDependencies:
    vue: 3.2.47
  checksum: 482fe3c9bbb0e154864259a976bac50f5a6cbbb86bc4376c5942a6108919466e57d9830c65060abff6ecb6a9ff1d5e3e4fede165f4312edf25b0088b8c0e26af
  languageName: node
  linkType: hard

"@vue/shared@npm:3.2.47":
  version: 3.2.47
  resolution: "@vue/shared@npm:3.2.47"
  checksum: 0aa711dc9160fa0e476e6e94eea4e019398adf2211352d0e4a672cfb6b65b104bbd5d234807d1c091107bdc0f5d818d0f12378987eb7861d39be3aa9f6cd6e3e
  languageName: node
  linkType: hard

"@vueuse/core@npm:9.12.0":
  version: 9.12.0
  resolution: "@vueuse/core@npm:9.12.0"
  dependencies:
    "@types/web-bluetooth": ^0.0.16
    "@vueuse/metadata": 9.12.0
    "@vueuse/shared": 9.12.0
    vue-demi: "*"
  checksum: bbbbd0a60f3cbda8e116c721f67319af42247af607d997e58d1f860660148ecbf58f90b8b3f38c6ecf87bc37a1a330b280050d883d79579ed72abf3b286b88cb
  languageName: node
  linkType: hard

"@vueuse/metadata@npm:9.12.0":
  version: 9.12.0
  resolution: "@vueuse/metadata@npm:9.12.0"
  checksum: ce732fbf313e3a3ed4ebddcace4cca05907c297103a20bc7e3e25cfb58dbce4b8e6b5d6a68a41922a821e07fa627321534068f9d494190d0bc5b95f1c29e8dcf
  languageName: node
  linkType: hard

"@vueuse/shared@npm:9.12.0":
  version: 9.12.0
  resolution: "@vueuse/shared@npm:9.12.0"
  dependencies:
    vue-demi: "*"
  checksum: b359e78dddef960c7456c0bad7427ad255239740ae02485ac64ed5df3f58387253647cf243a0839f9eb014e91f315db850745ab5930e22a0c52434d1619bc04e
  languageName: node
  linkType: hard

"csstype@npm:^2.6.8":
  version: 2.6.21
  resolution: "csstype@npm:2.6.21"
  checksum: 2ce8bc832375146eccdf6115a1f8565a27015b74cce197c35103b4494955e9516b246140425ad24103864076aa3e1257ac9bab25a06c8d931dd87a6428c9dccf
  languageName: node
  linkType: hard

"estree-walker@npm:^2.0.2":
  version: 2.0.2
  resolution: "estree-walker@npm:2.0.2"
  checksum: 6151e6f9828abe2259e57f5fd3761335bb0d2ebd76dc1a01048ccee22fabcfef3c0859300f6d83ff0d1927849368775ec5a6d265dde2f6de5a1be1721cd94efc
  languageName: node
  linkType: hard

"magic-string@npm:^0.25.7":
  version: 0.25.9
  resolution: "magic-string@npm:0.25.9"
  dependencies:
    sourcemap-codec: ^1.4.8
  checksum: 9a0e55a15c7303fc360f9572a71cffba1f61451bc92c5602b1206c9d17f492403bf96f946dfce7483e66822d6b74607262e24392e87b0ac27b786e69a40e9b1a
  languageName: node
  linkType: hard

"nanoid@npm:^3.3.4":
  version: 3.3.4
  resolution: "nanoid@npm:3.3.4"
  bin:
    nanoid: bin/nanoid.cjs
  checksum: 2fddd6dee994b7676f008d3ffa4ab16035a754f4bb586c61df5a22cf8c8c94017aadd360368f47d653829e0569a92b129979152ff97af23a558331e47e37cd9c
  languageName: node
  linkType: hard

"picocolors@npm:^1.0.0":
  version: 1.0.0
  resolution: "picocolors@npm:1.0.0"
  checksum: a2e8092dd86c8396bdba9f2b5481032848525b3dc295ce9b57896f931e63fc16f79805144321f72976383fc249584672a75cc18d6777c6b757603f372f745981
  languageName: node
  linkType: hard

"postcss@npm:^8.1.10":
  version: 8.4.21
  resolution: "postcss@npm:8.4.21"
  dependencies:
    nanoid: ^3.3.4
    picocolors: ^1.0.0
    source-map-js: ^1.0.2
  checksum: e39ac60ccd1542d4f9d93d894048aac0d686b3bb38e927d8386005718e6793dbbb46930f0a523fe382f1bbd843c6d980aaea791252bf5e176180e5a4336d9679
  languageName: node
  linkType: hard

"root-workspace-0b6124@workspace:.":
  version: 0.0.0-use.local
  resolution: "root-workspace-0b6124@workspace:."
  dependencies:
    "@vueuse/core": 9.12.0
    vue: 3.2.47
    vue-router: 4.1.6
  dependenciesMeta:
    vue-demi:
      built: true
  languageName: unknown
  linkType: soft

"source-map-js@npm:^1.0.2":
  version: 1.0.2
  resolution: "source-map-js@npm:1.0.2"
  checksum: c049a7fc4deb9a7e9b481ae3d424cc793cb4845daa690bc5a05d428bf41bf231ced49b4cf0c9e77f9d42fdb3d20d6187619fc586605f5eabe995a316da8d377c
  languageName: node
  linkType: hard

"source-map@npm:^0.6.1":
  version: 0.6.1
  resolution: "source-map@npm:0.6.1"
  checksum: 59ce8640cf3f3124f64ac289012c2b8bd377c238e316fb323ea22fbfe83da07d81e000071d7242cad7a23cd91c7de98e4df8830ec3f133cb6133a5f6e9f67bc2
  languageName: node
  linkType: hard

"sourcemap-codec@npm:^1.4.8":
  version: 1.4.8
  resolution: "sourcemap-codec@npm:1.4.8"
  checksum: b57981c05611afef31605732b598ccf65124a9fcb03b833532659ac4d29ac0f7bfacbc0d6c5a28a03e84c7510e7e556d758d0bb57786e214660016fb94279316
  languageName: node
  linkType: hard

"to-fast-properties@npm:^2.0.0":
  version: 2.0.0
  resolution: "to-fast-properties@npm:2.0.0"
  checksum: be2de62fe58ead94e3e592680052683b1ec986c72d589e7b21e5697f8744cdbf48c266fa72f6c15932894c10187b5f54573a3bcf7da0bfd964d5caf23d436168
  languageName: node
  linkType: hard

"vue-demi@npm:*":
  version: 0.13.11
  resolution: "vue-demi@npm:0.13.11"
  peerDependencies:
    "@vue/composition-api": ^1.0.0-rc.1
    vue: ^3.0.0-0 || ^2.6.0
  peerDependenciesMeta:
    "@vue/composition-api":
      optional: true
  bin:
    vue-demi-fix: bin/vue-demi-fix.js
    vue-demi-switch: bin/vue-demi-switch.js
  checksum: 0fbe9bf8ab7fe498ffa2bbd0cfc8f6f43a6bbaa5eda3e20ef1b70dca7c8b0ddb216a7ff2f632b694fe0735805638975abb441c621ec0bd2e6d4656353f316c15
  languageName: node
  linkType: hard

"vue-router@npm:4.1.6":
  version: 4.1.6
  resolution: "vue-router@npm:4.1.6"
  dependencies:
    "@vue/devtools-api": ^6.4.5
  peerDependencies:
    vue: ^3.2.0
  checksum: c7f0156ac03a9561d110f5ff778121eee7c8c154be6ec5064558ba22ab5237db36f29ffffc95cc16d692cc68a26df0c434f395401c0e3b48f782c7bed51391c6
  languageName: node
  linkType: hard

"vue@npm:3.2.47":
  version: 3.2.47
  resolution: "vue@npm:3.2.47"
  dependencies:
    "@vue/compiler-dom": 3.2.47
    "@vue/compiler-sfc": 3.2.47
    "@vue/runtime-dom": 3.2.47
    "@vue/server-renderer": 3.2.47
    "@vue/shared": 3.2.47
  checksum: 3b586f61fd2cdfdd24459a946a2831c0f164056993cc005badde4fea10d53e430f1cedf1b62d52a6992b58fe656fc5fc67b32f594a2832dfe440c6db46d6f158
  languageName: node
  linkType: hard
